
Microsoft Visual Studio Solution File, Format Version 12.00
# Visual Studio Version 17
VisualStudioVersion = 17.13.35931.197 d17.13
MinimumVisualStudioVersion = 10.0.40219.1
Project("{888888A0-9F3D-457C-B088-3A5042F75D52}") = "newthreshold", "newthreshold\newthreshold.pyproj", "{FA162548-4D89-4AA1-9293-12275B0492F1}"
EndProject
Global
	GlobalSection(SolutionConfigurationPlatforms) = preSolution
		Debug|Any CPU = Debug|Any CPU
		Release|Any CPU = Release|Any CPU
	EndGlobalSection
	GlobalSection(ProjectConfigurationPlatforms) = postSolution
		{FA162548-4D89-4AA1-9293-12275B0492F1}.Debug|Any CPU.ActiveCfg = Debug|Any CPU
		{FA162548-4D89-4AA1-9293-12275B0492F1}.Release|Any CPU.ActiveCfg = Release|Any CPU
	EndGlobalSection
	GlobalSection(SolutionProperties) = preSolution
		HideSolutionNode = FALSE
	EndGlobalSection
	GlobalSection(ExtensibilityGlobals) = postSolution
		SolutionGuid = {EDC8BACF-232B-44B8-A264-251D7E594CAB}
	EndGlobalSection
EndGlobal
